
Microsoft Visual Studio Solution File, Format Version 12.00
# Visual Studio Version 17
VisualStudioVersion = 17.2.32516.85
MinimumVisualStudioVersion = 10.0.40219.1
Project("{9A19103F-16F7-4668-BE54-9A1E7A4F7556}") = "Task1-2", "SimpleApp\Task1-2.csproj", "{113C8C75-26AC-4635-9206-B7E1D8B94CFF}"
EndProject
Project("{FAE04EC0-301F-11D3-BF4B-00C04F79EFBC}") = "Task3", "Task3\Task3.csproj", "{98A3738C-8E4C-4633-BDF3-E38D9674442B}"
EndProject
Global
	GlobalSection(SolutionConfigurationPlatforms) = preSolution
		Debug|Any CPU = Debug|Any CPU
		Release|Any CPU = Release|Any CPU
	EndGlobalSection
	GlobalSection(ProjectConfigurationPlatforms) = postSolution
		{113C8C75-26AC-4635-9206-B7E1D8B94CFF}.Debug|Any CPU.ActiveCfg = Debug|Any CPU
		{113C8C75-26AC-4635-9206-B7E1D8B94CFF}.Debug|Any CPU.Build.0 = Debug|Any CPU
		{113C8C75-26AC-4635-9206-B7E1D8B94CFF}.Release|Any CPU.ActiveCfg = Release|Any CPU
		{113C8C75-26AC-4635-9206-B7E1D8B94CFF}.Release|Any CPU.Build.0 = Release|Any CPU
		{98A3738C-8E4C-4633-BDF3-E38D9674442B}.Debug|Any CPU.ActiveCfg = Debug|Any CPU
		{98A3738C-8E4C-4633-BDF3-E38D9674442B}.Debug|Any CPU.Build.0 = Debug|Any CPU
		{98A3738C-8E4C-4633-BDF3-E38D9674442B}.Release|Any CPU.ActiveCfg = Release|Any CPU
		{98A3738C-8E4C-4633-BDF3-E38D9674442B}.Release|Any CPU.Build.0 = Release|Any CPU
	EndGlobalSection
	GlobalSection(SolutionProperties) = preSolution
		HideSolutionNode = FALSE
	EndGlobalSection
	GlobalSection(ExtensibilityGlobals) = postSolution
		SolutionGuid = {AAB79C9A-7D93-467F-AA74-1A38D3201E76}
	EndGlobalSection
EndGlobal
